
Microsoft Visual Studio Solution File, Format Version 12.00
# Visual Studio Version 16
VisualStudioVersion = 16.0.30717.126
MinimumVisualStudioVersion = 10.0.40219.1
Project("{FAE04EC0-301F-11D3-BF4B-00C04F79EFBC}") = "ApplitoolsHackathon2020", "ApplitoolsHackathon2020\ApplitoolsHackathon2020.csproj", "{AC2A0FBC-084F-41D0-9817-3A7335C1441E}"
EndProject
Global
	GlobalSection(SolutionConfigurationPlatforms) = preSolution
		Debug|Any CPU = Debug|Any CPU
		Release|Any CPU = Release|Any CPU
	EndGlobalSection
	GlobalSection(ProjectConfigurationPlatforms) = postSolution
		{AC2A0FBC-084F-41D0-9817-3A7335C1441E}.Debug|Any CPU.ActiveCfg = Debug|Any CPU
		{AC2A0FBC-084F-41D0-9817-3A7335C1441E}.Debug|Any CPU.Build.0 = Debug|Any CPU
		{AC2A0FBC-084F-41D0-9817-3A7335C1441E}.Release|Any CPU.ActiveCfg = Release|Any CPU
		{AC2A0FBC-084F-41D0-9817-3A7335C1441E}.Release|Any CPU.Build.0 = Release|Any CPU
	EndGlobalSection
	GlobalSection(SolutionProperties) = preSolution
		HideSolutionNode = FALSE
	EndGlobalSection
	GlobalSection(ExtensibilityGlobals) = postSolution
		SolutionGuid = {892758DD-6C24-4D5C-B72E-058D90725024}
	EndGlobalSection
EndGlobal
